github.com/dave/jennifer v1.7.0 h1:uRbSBH9UTS64yXbh4FrMHfgfY762RD+C7bUPKODpSJE=
github.com/dave/jennifer v1.7.0/go.mod h1:nXbxhEmQfOZhWml3D1cDK5M1FLnMSozpbFN/m3RmGZc=
github.com/ngicks/go-iterator v0.0.0-20230524101302-db8d55117ed8 h1:vjRtL8rPviwk9/9UFk3qmJLeEd/Z/P4SM1VmTGlgMfk=
github.com/ngicks/go-iterator v0.0.0-20230524101302-db8d55117ed8/go.mod h1:QcP9BzXvB2KNjqteIXHGcctWDaM5lkyeQ+LVo2p9XyQ=
